
Microsoft Visual Studio Solution File, Format Version 12.00
# Visual Studio Version 16
VisualStudioVersion = 16.0.30517.126
MinimumVisualStudioVersion = 10.0.40219.1
Project("{FAE04EC0-301F-11D3-BF4B-00C04F79EFBC}") = "Atividades revisão", "Atividades revisão\Atividades revisão.csproj", "{92619396-6D61-4001-B401-73A116562C7B}"
EndProject
Global
	GlobalSection(SolutionConfigurationPlatforms) = preSolution
		Debug|Any CPU = Debug|Any CPU
		Release|Any CPU = Release|Any CPU
	EndGlobalSection
	GlobalSection(ProjectConfigurationPlatforms) = postSolution
		{92619396-6D61-4001-B401-73A116562C7B}.Debug|Any CPU.ActiveCfg = Debug|Any CPU
		{92619396-6D61-4001-B401-73A116562C7B}.Debug|Any CPU.Build.0 = Debug|Any CPU
		{92619396-6D61-4001-B401-73A116562C7B}.Release|Any CPU.ActiveCfg = Release|Any CPU
		{92619396-6D61-4001-B401-73A116562C7B}.Release|Any CPU.Build.0 = Release|Any CPU
	EndGlobalSection
	GlobalSection(SolutionProperties) = preSolution
		HideSolutionNode = FALSE
	EndGlobalSection
	GlobalSection(ExtensibilityGlobals) = postSolution
		SolutionGuid = {D22F9347-E39A-4E0B-B349-F0599EF7E62B}
	EndGlobalSection
EndGlobal
